
Microsoft Visual Studio Solution File, Format Version 12.00
Project("{FAE04EC0-301F-11D3-BF4B-00C04F79EFBC}") = "PJATK-APBD-Cw7-s33103", "PJATK-APBD-Cw7-s33103.csproj", "{07A78B42-FD91-4165-88E7-E72CF246534B}"
EndProject
Global
	GlobalSection(SolutionConfigurationPlatforms) = preSolution
		Debug|Any CPU = Debug|Any CPU
		Release|Any CPU = Release|Any CPU
	EndGlobalSection
	GlobalSection(ProjectConfigurationPlatforms) = postSolution
		{07A78B42-FD91-4165-88E7-E72CF246534B}.Debug|Any CPU.ActiveCfg = Debug|Any CPU
		{07A78B42-FD91-4165-88E7-E72CF246534B}.Debug|Any CPU.Build.0 = Debug|Any CPU
		{07A78B42-FD91-4165-88E7-E72CF246534B}.Release|Any CPU.ActiveCfg = Release|Any CPU
		{07A78B42-FD91-4165-88E7-E72CF246534B}.Release|Any CPU.Build.0 = Release|Any CPU
	EndGlobalSection
EndGlobal
